
Microsoft Visual Studio Solution File, Format Version 12.00
# Visual Studio 2015
Project("{FAE04EC0-301F-11D3-BF4B-00C04F79EFBC}") = "Game-Project.CSharp.Plugins", "Game-Project.CSharp.Plugins.csproj", "{44AAB7B5-330E-1466-5AFE-3B3D6555331B}"
EndProject
Project("{FAE04EC0-301F-11D3-BF4B-00C04F79EFBC}") = "Game-Project.CSharp", "Game-Project.CSharp.csproj", "{B87F48D6-2E80-CC30-E4D9-D4B6C737E6FF}"
EndProject
Project("{FAE04EC0-301F-11D3-BF4B-00C04F79EFBC}") = "Game-Project.CSharp.Editor", "Game-Project.CSharp.Editor.csproj", "{64F024A1-6157-D10C-C68E-11B4BFC7B042}"
EndProject
Global
	GlobalSection(SolutionConfigurationPlatforms) = preSolution
		Debug|Any CPU = Debug|Any CPU
		Release|Any CPU = Release|Any CPU
	EndGlobalSection
	GlobalSection(ProjectConfigurationPlatforms) = postSolution
		{44AAB7B5-330E-1466-5AFE-3B3D6555331B}.Debug|Any CPU.ActiveCfg = Debug|Any CPU
		{44AAB7B5-330E-1466-5AFE-3B3D6555331B}.Debug|Any CPU.Build.0 = Debug|Any CPU
		{44AAB7B5-330E-1466-5AFE-3B3D6555331B}.Release|Any CPU.ActiveCfg = Release|Any CPU
		{44AAB7B5-330E-1466-5AFE-3B3D6555331B}.Release|Any CPU.Build.0 = Release|Any CPU
		{B87F48D6-2E80-CC30-E4D9-D4B6C737E6FF}.Debug|Any CPU.ActiveCfg = Debug|Any CPU
		{B87F48D6-2E80-CC30-E4D9-D4B6C737E6FF}.Debug|Any CPU.Build.0 = Debug|Any CPU
		{B87F48D6-2E80-CC30-E4D9-D4B6C737E6FF}.Release|Any CPU.ActiveCfg = Release|Any CPU
		{B87F48D6-2E80-CC30-E4D9-D4B6C737E6FF}.Release|Any CPU.Build.0 = Release|Any CPU
		{64F024A1-6157-D10C-C68E-11B4BFC7B042}.Debug|Any CPU.ActiveCfg = Debug|Any CPU
		{64F024A1-6157-D10C-C68E-11B4BFC7B042}.Debug|Any CPU.Build.0 = Debug|Any CPU
		{64F024A1-6157-D10C-C68E-11B4BFC7B042}.Release|Any CPU.ActiveCfg = Release|Any CPU
		{64F024A1-6157-D10C-C68E-11B4BFC7B042}.Release|Any CPU.Build.0 = Release|Any CPU
	EndGlobalSection
	GlobalSection(SolutionProperties) = preSolution
		HideSolutionNode = FALSE
	EndGlobalSection
EndGlobal
