Microsoft Visual Studio Solution File, Format Version 11.00
# Visual Studio 2008

Project("{910862C3-F1DC-FEE1-28EE-8EEC92E7508F}") = "Game-Project", "Assembly-CSharp-firstpass.csproj", "{804021F8-98F5-48CB-C603-E4A2B52DCF96}"
EndProject
Project("{910862C3-F1DC-FEE1-28EE-8EEC92E7508F}") = "Game-Project", "Assembly-CSharp.csproj", "{21589D50-75A4-7BD5-9047-D39364578CED}"
EndProject
Project("{910862C3-F1DC-FEE1-28EE-8EEC92E7508F}") = "Game-Project", "Assembly-CSharp-Editor.csproj", "{71FCFEE1-AC8C-7E60-E139-959FA667CEB5}"
EndProject
Global
	GlobalSection(SolutionConfigurationPlatforms) = preSolution
		Debug|Any CPU = Debug|Any CPU
		Release|Any CPU = Release|Any CPU
	EndGlobalSection
	GlobalSection(ProjectConfigurationPlatforms) = postSolution
		{804021F8-98F5-48CB-C603-E4A2B52DCF96}.Debug|Any CPU.ActiveCfg = Debug|Any CPU
		{804021F8-98F5-48CB-C603-E4A2B52DCF96}.Debug|Any CPU.Build.0 = Debug|Any CPU
		{804021F8-98F5-48CB-C603-E4A2B52DCF96}.Release|Any CPU.ActiveCfg = Release|Any CPU
		{804021F8-98F5-48CB-C603-E4A2B52DCF96}.Release|Any CPU.Build.0 = Release|Any CPU
		{21589D50-75A4-7BD5-9047-D39364578CED}.Debug|Any CPU.ActiveCfg = Debug|Any CPU
		{21589D50-75A4-7BD5-9047-D39364578CED}.Debug|Any CPU.Build.0 = Debug|Any CPU
		{21589D50-75A4-7BD5-9047-D39364578CED}.Release|Any CPU.ActiveCfg = Release|Any CPU
		{21589D50-75A4-7BD5-9047-D39364578CED}.Release|Any CPU.Build.0 = Release|Any CPU
		{71FCFEE1-AC8C-7E60-E139-959FA667CEB5}.Debug|Any CPU.ActiveCfg = Debug|Any CPU
		{71FCFEE1-AC8C-7E60-E139-959FA667CEB5}.Debug|Any CPU.Build.0 = Debug|Any CPU
		{71FCFEE1-AC8C-7E60-E139-959FA667CEB5}.Release|Any CPU.ActiveCfg = Release|Any CPU
		{71FCFEE1-AC8C-7E60-E139-959FA667CEB5}.Release|Any CPU.Build.0 = Release|Any CPU
	EndGlobalSection
	GlobalSection(SolutionProperties) = preSolution
		HideSolutionNode = FALSE
	EndGlobalSection
																																																																																GlobalSection(MonoDevelopProperties) = preSolution
		StartupItem = Assembly-CSharp.csproj
		Policies = $0
		$0.TextStylePolicy = $1
		$1.inheritsSet = null
		$1.scope = text/x-csharp
		$0.CSharpFormattingPolicy = $2
		$2.inheritsSet = Mono
		$2.inheritsScope = text/x-csharp
		$2.scope = text/x-csharp
		$0.TextStylePolicy = $3
		$3.FileWidth = 120
		$3.TabWidth = 4
		$3.IndentWidth = 4
		$3.EolMarker = Unix
		$3.inheritsSet = Mono
		$3.inheritsScope = text/plain
		$3.scope = text/plain
	EndGlobalSection

EndGlobal
